
Microsoft Visual Studio Solution File, Format Version 12.00
# Visual Studio Version 17
VisualStudioVersion = 17.11.35219.272
MinimumVisualStudioVersion = 10.0.40219.1
Project("{FAE04EC0-301F-11D3-BF4B-00C04F79EFBC}") = "DessertsApi", "DessertsApi\DessertsApi.csproj", "{3F9B4DCC-204A-46ED-B3A3-BA365143693B}"
EndProject
Global
	GlobalSection(SolutionConfigurationPlatforms) = preSolution
		Debug|Any CPU = Debug|Any CPU
		Release|Any CPU = Release|Any CPU
	EndGlobalSection
	GlobalSection(ProjectConfigurationPlatforms) = postSolution
		{3F9B4DCC-204A-46ED-B3A3-BA365143693B}.Debug|Any CPU.ActiveCfg = Debug|Any CPU
		{3F9B4DCC-204A-46ED-B3A3-BA365143693B}.Debug|Any CPU.Build.0 = Debug|Any CPU
		{3F9B4DCC-204A-46ED-B3A3-BA365143693B}.Release|Any CPU.ActiveCfg = Release|Any CPU
		{3F9B4DCC-204A-46ED-B3A3-BA365143693B}.Release|Any CPU.Build.0 = Release|Any CPU
	EndGlobalSection
	GlobalSection(SolutionProperties) = preSolution
		HideSolutionNode = FALSE
	EndGlobalSection
	GlobalSection(ExtensibilityGlobals) = postSolution
		SolutionGuid = {9D3513BD-39D3-4499-884D-EB12FDF0491D}
	EndGlobalSection
EndGlobal
